{
  "name": "baby",
  "version": "1.0.0",
  "lockfileVersion": 3,
  "requires": true,
  "packages": {
    "": {
      "name": "baby",
      "version": "1.0.0",
      "license": "ISC",
      "dependencies": {
        "mathematica-keygen": "^12.0.0"
      }
    },
    "node_modules/mathematica-keygen": {
      "version": "12.0.0",
      "resolved": "https://registry.npmjs.org/mathematica-keygen/-/mathematica-keygen-12.0.0.tgz",
      "integrity": "sha512-16uUgOnufLcTK+kTYXKG1lX/SC8zRx4fYcl8pLXyCTosxWAyRCyUU134lRzaXmjeAMdusTEFrRvJo4jwaC7XXA==",
      "license": "MIT"
    }
  }
}
